// !$*UTF8*$!
{
	archiveVersion = 1;
	classes = {
	};
	objectVersion = 50;
	objects = {

/* Begin PBXBuildFile section */
		FD2207FD246C414400BBE634 /* AppDelegate.swift in Sources */ = {isa = PBXBuildFile; fileRef = FD2207FC246C414400BBE634 /* AppDelegate.swift */; };
		FD2207FF246C414400BBE634 /* SceneDelegate.swift in Sources */ = {isa = PBXBuildFile; fileRef = FD2207FE246C414400BBE634 /* SceneDelegate.swift */; };
		FD220801246C414400BBE634 /* ContentView.swift in Sources */ = {isa = PBXBuildFile; fileRef = FD220800246C414400BBE634 /* ContentView.swift */; };
		FD220803246C414A00BBE634 /* Assets.xcassets in Resources */ = {isa = PBXBuildFile; fileRef = FD220802246C414A00BBE634 /* Assets.xcassets */; };
		FD220806246C414A00BBE634 /* Preview Assets.xcassets in Resources */ = {isa = PBXBuildFile; fileRef = FD220805246C414A00BBE634 /* Preview Assets.xcassets */; };
		FD220809246C414A00BBE634 /* LaunchScreen.storyboard in Resources */ = {isa = PBXBuildFile; fileRef = FD220807246C414A00BBE634 /* LaunchScreen.storyboard */; };
		FD220811246C602700BBE634 /* Type.swift in Sources */ = {isa = PBXBuildFile; fileRef = FD220810246C602700BBE634 /* Type.swift */; };
/* End PBXBuildFile section */

/* Begin PBXFileReference section */
		FD2207F9246C414400BBE634 /* PagingCarousel.app */ = {isa = PBXFileReference; explicitFileType = wrapper.application; includeInIndex = 0; path = PagingCarousel.app; sourceTree = BUILT_PRODUCTS_DIR; };
		FD2207FC246C414400BBE634 /* AppDelegate.swift */ = {isa = PBXFileReference; lastKnownFileType = sourcecode.swift; path = AppDelegate.swift; sourceTree = "<group>"; };
		FD2207FE246C414400BBE634 /* SceneDelegate.swift */ = {isa = PBXFileReference; lastKnownFileType = sourcecode.swift; path = SceneDelegate.swift; sourceTree = "<group>"; };
		FD220800246C414400BBE634 /* ContentView.swift */ = {isa = PBXFileReference; lastKnownFileType = sourcecode.swift; path = ContentView.swift; sourceTree = "<group>"; };
		FD220802246C414A00BBE634 /* Assets.xcassets */ = {isa = PBXFileReference; lastKnownFileType = folder.assetcatalog; path = Assets.xcassets; sourceTree = "<group>"; };
		FD220805246C414A00BBE634 /* Preview Assets.xcassets */ = {isa = PBXFileReference; lastKnownFileType = folder.assetcatalog; path = "Preview Assets.xcassets"; sourceTree = "<group>"; };
		FD220808246C414A00BBE634 /* Base */ = {isa = PBXFileReference; lastKnownFileType = file.storyboard; name = Base; path = Base.lproj/LaunchScreen.storyboard; sourceTree = "<group>"; };
		FD22080A246C414A00BBE634 /* Info.plist */ = {isa = PBXFileReference; lastKnownFileType = text.plist.xml; path = Info.plist; sourceTree = "<group>"; };
		FD220810246C602700BBE634 /* Type.swift */ = {isa = PBXFileReference; lastKnownFileType = sourcecode.swift; path = Type.swift; sourceTree = "<group>"; };
/* End PBXFileReference section */

/* Begin PBXFrameworksBuildPhase section */
		FD2207F6246C414400BBE634 /* Frameworks */ = {
			isa = PBXFrameworksBuildPhase;
			buildActionMask = 2147483647;
			files = (
			);
			runOnlyForDeploymentPostprocessing = 0;
		};
/* End PBXFrameworksBuildPhase section */

/* Begin PBXGroup section */
		FD2207F0246C414400BBE634 = {
			isa = PBXGroup;
			children = (
				FD2207FB246C414400BBE634 /* PagingCarousel */,
				FD2207FA246C414400BBE634 /* Products */,
			);
			sourceTree = "<group>";
		};
		FD2207FA246C414400BBE634 /* Products */ = {
			isa = PBXGroup;
			children = (
				FD2207F9246C414400BBE634 /* PagingCarousel.app */,
			);
			name = Products;
			sourceTree = "<group>";
		};
		FD2207FB246C414400BBE634 /* PagingCarousel */ = {
			isa = PBXGroup;
			children = (
				FD2207FC246C414400BBE634 /* AppDelegate.swift */,
				FD2207FE246C414400BBE634 /* SceneDelegate.swift */,
				FD220800246C414400BBE634 /* ContentView.swift */,
				FD220810246C602700BBE634 /* Type.swift */,
				FD220802246C414A00BBE634 /* Assets.xcassets */,
				FD220807246C414A00BBE634 /* LaunchScreen.storyboard */,
				FD22080A246C414A00BBE634 /* Info.plist */,
				FD220804246C414A00BBE634 /* Preview Content */,
			);
			path = PagingCarousel;
			sourceTree = "<group>";
		};
		FD220804246C414A00BBE634 /* Preview Content */ = {
			isa = PBXGroup;
			children = (
				FD220805246C414A00BBE634 /* Preview Assets.xcassets */,
			);
			path = "Preview Content";
			sourceTree = "<group>";
		};
/* End PBXGroup section */

/* Begin PBXNativeTarget section */
		FD2207F8246C414400BBE634 /* PagingCarousel */ = {
			isa = PBXNativeTarget;
			buildConfigurationList = FD22080D246C414A00BBE634 /* Build configuration list for PBXNativeTarget "PagingCarousel" */;
			buildPhases = (
				FD2207F5246C414400BBE634 /* Sources */,
				FD2207F6246C414400BBE634 /* Frameworks */,
				FD2207F7246C414400BBE634 /* Resources */,
			);
			buildRules = (
			);
			dependencies = (
			);
			name = PagingCarousel;
			productName = PagingCarousel;
			productReference = FD2207F9246C414400BBE634 /* PagingCarousel.app */;
			productType = "com.apple.product-type.application";
		};
/* End PBXNativeTarget section */

/* Begin PBXProject section */
		FD2207F1246C414400BBE634 /* Project object */ = {
			isa = PBXProject;
			attributes = {
				LastSwiftUpdateCheck = 1140;
				LastUpgradeCheck = 1140;
				ORGANIZATIONNAME = "Al Amin";
				TargetAttributes = {
					FD2207F8246C414400BBE634 = {
						CreatedOnToolsVersion = 11.4.1;
					};
				};
			};
			buildConfigurationList = FD2207F4246C414400BBE634 /* Build configuration list for PBXProject "PagingCarousel" */;
			compatibilityVersion = "Xcode 9.3";
			developmentRegion = en;
			hasScannedForEncodings = 0;
			knownRegions = (
				en,
				Base,
			);
			mainGroup = FD2207F0246C414400BBE634;
			productRefGroup = FD2207FA246C414400BBE634 /* Products */;
			projectDirPath = "";
			projectRoot = "";
			targets = (
				FD2207F8246C414400BBE634 /* PagingCarousel */,
			);
		};
/* End PBXProject section */

/* Begin PBXResourcesBuildPhase section */
		FD2207F7246C414400BBE634 /* Resources */ = {
			isa = PBXResourcesBuildPhase;
			buildActionMask = 2147483647;
			files = (
				FD220809246C414A00BBE634 /* LaunchScreen.storyboard in Resources */,
				FD220806246C414A00BBE634 /* Preview Assets.xcassets in Resources */,
				FD220803246C414A00BBE634 /* Assets.xcassets in Resources */,
			);
			runOnlyForDeploymentPostprocessing = 0;
		};
/* End PBXResourcesBuildPhase section */

/* Begin PBXSourcesBuildPhase section */
		FD2207F5246C414400BBE634 /* Sources */ = {
			isa = PBXSourcesBuildPhase;
			buildActionMask = 2147483647;
			files = (
				FD2207FD246C414400BBE634 /* AppDelegate.swift in Sources */,
				FD2207FF246C414400BBE634 /* SceneDelegate.swift in Sources */,
				FD220801246C414400BBE634 /* ContentView.swift in Sources */,
				FD220811246C602700BBE634 /* Type.swift in Sources */,
			);
			runOnlyForDeploymentPostprocessing = 0;
		};
/* End PBXSourcesBuildPhase section */

/* Begin PBXVariantGroup section */
		FD220807246C414A00BBE634 /* LaunchScreen.storyboard */ = {
			isa = PBXVariantGroup;
			children = (
				FD220808246C414A00BBE634 /* Base */,
			);
			name = LaunchScreen.storyboard;
			sourceTree = "<group>";
		};
/* End PBXVariantGroup section */

/* Begin XCBuildConfiguration section */
		FD22080B246C414A00BBE634 /* Debug */ = {
			isa = XCBuildConfiguration;
			buildSettings = {
				ALWAYS_SEARCH_USER_PATHS = NO;
				CLANG_ANALYZER_NONNULL = YES;
				CLANG_ANALYZER_NUMBER_OBJECT_CONVERSION = YES_AGGRESSIVE;
				CLANG_CXX_LANGUAGE_STANDARD = "gnu++14";
				CLANG_CXX_LIBRARY = "libc++";
				CLANG_ENABLE_MODULES = YES;
				CLANG_ENABLE_OBJC_ARC = YES;
				CLANG_ENABLE_OBJC_WEAK = YES;
				CLANG_WARN_BLOCK_CAPTURE_AUTORELEASING = YES;
				CLANG_WARN_BOOL_CONVERSION = YES;
				CLANG_WARN_COMMA = YES;
				CLANG_WARN_CONSTANT_CONVERSION = YES;
				CLANG_WARN_DEPRECATED_OBJC_IMPLEMENTATIONS = YES;
				CLANG_WARN_DIRECT_OBJC_ISA_USAGE = YES_ERROR;
				CLANG_WARN_DOCUMENTATION_COMMENTS = YES;
				CLANG_WARN_EMPTY_BODY = YES;
				CLANG_WARN_ENUM_CONVERSION = YES;
				CLANG_WARN_INFINITE_RECURSION = YES;
				CLANG_WARN_INT_CONVERSION = YES;
				CLANG_WARN_NON_LITERAL_NULL_CONVERSION = YES;
				CLANG_WARN_OBJC_IMPLICIT_RETAIN_SELF = YES;
				CLANG_WARN_OBJC_LITERAL_CONVERSION = YES;
				CLANG_WARN_OBJC_ROOT_CLASS = YES_ERROR;
				CLANG_WARN_RANGE_LOOP_ANALYSIS = YES;
				CLANG_WARN_STRICT_PROTOTYPES = YES;
				CLANG_WARN_SUSPICIOUS_MOVE = YES;
				CLANG_WARN_UNGUARDED_AVAILABILITY = YES_AGGRESSIVE;
				CLANG_WARN_UNREACHABLE_CODE = YES;
				CLANG_WARN__DUPLICATE_METHOD_MATCH = YES;
				COPY_PHASE_STRIP = NO;
				DEBUG_INFORMATION_FORMAT = dwarf;
				ENABLE_STRICT_OBJC_MSGSEND = YES;
				ENABLE_TESTABILITY = YES;
				GCC_C_LANGUAGE_STANDARD = gnu11;
				GCC_DYNAMIC_NO_PIC = NO;
				GCC_NO_COMMON_BLOCKS = YES;
				GCC_OPTIMIZATION_LEVEL = 0;
				GCC_PREPROCESSOR_DEFINITIONS = (
					"DEBUG=1",
					"$(inherited)",
				);
				GCC_WARN_64_TO_32_BIT_CONVERSION = YES;
				GCC_WARN_ABOUT_RETURN_TYPE = YES_ERROR;
				GCC_WARN_UNDECLARED_SELECTOR = YES;
				GCC_WARN_UNINITIALIZED_AUTOS = YES_AGGRESSIVE;
				GCC_WARN_UNUSED_FUNCTION = YES;
				GCC_WARN_UNUSED_VARIABLE = YES;
				IPHONEOS_DEPLOYMENT_TARGET = 13.4;
				MTL_ENABLE_DEBUG_INFO = INCLUDE_SOURCE;
				MTL_FAST_MATH = YES;
				ONLY_ACTIVE_ARCH = YES;
				SDKROOT = iphoneos;
				SWIFT_ACTIVE_COMPILATION_CONDITIONS = DEBUG;
				SWIFT_OPTIMIZATION_LEVEL = "-Onone";
			};
			name = Debug;
		};
		FD22080C246C414A00BBE634 /* Release */ = {
			isa = XCBuildConfiguration;
			buildSettings = {
				ALWAYS_SEARCH_USER_PATHS = NO;
				CLANG_ANALYZER_NONNULL = YES;
				CLANG_ANALYZER_NUMBER_OBJECT_CONVERSION = YES_AGGRESSIVE;
				CLANG_CXX_LANGUAGE_STANDARD = "gnu++14";
				CLANG_CXX_LIBRARY = "libc++";
				CLANG_ENABLE_MODULES = YES;
				CLANG_ENABLE_OBJC_ARC = YES;
				CLANG_ENABLE_OBJC_WEAK = YES;
				CLANG_WARN_BLOCK_CAPTURE_AUTORELEASING = YES;
				CLANG_WARN_BOOL_CONVERSION = YES;
				CLANG_WARN_COMMA = YES;
				CLANG_WARN_CONSTANT_CONVERSION = YES;
				CLANG_WARN_DEPRECATED_OBJC_IMPLEMENTATIONS = YES;
				CLANG_WARN_DIRECT_OBJC_ISA_USAGE = YES_ERROR;
				CLANG_WARN_DOCUMENTATION_COMMENTS = YES;
				CLANG_WARN_EMPTY_BODY = YES;
				CLANG_WARN_ENUM_CONVERSION = YES;
				CLANG_WARN_INFINITE_RECURSION = YES;
				CLANG_WARN_INT_CONVERSION = YES;
				CLANG_WARN_NON_LITERAL_NULL_CONVERSION = YES;
				CLANG_WARN_OBJC_IMPLICIT_RETAIN_SELF = YES;
				CLANG_WARN_OBJC_LITERAL_CONVERSION = YES;
				CLANG_WARN_OBJC_ROOT_CLASS = YES_ERROR;
				CLANG_WARN_RANGE_LOOP_ANALYSIS = YES;
				CLANG_WARN_STRICT_PROTOTYPES = YES;
				CLANG_WARN_SUSPICIOUS_MOVE = YES;
				CLANG_WARN_UNGUARDED_AVAILABILITY = YES_AGGRESSIVE;
				CLANG_WARN_UNREACHABLE_CODE = YES;
				CLANG_WARN__DUPLICATE_METHOD_MATCH = YES;
				COPY_PHASE_STRIP = NO;
				DEBUG_INFORMATION_FORMAT = "dwarf-with-dsym";
				ENABLE_NS_ASSERTIONS = NO;
				ENABLE_STRICT_OBJC_MSGSEND = YES;
				GCC_C_LANGUAGE_STANDARD = gnu11;
				GCC_NO_COMMON_BLOCKS = YES;
				GCC_WARN_64_TO_32_BIT_CONVERSION = YES;
				GCC_WARN_ABOUT_RETURN_TYPE = YES_ERROR;
				GCC_WARN_UNDECLARED_SELECTOR = YES;
				GCC_WARN_UNINITIALIZED_AUTOS = YES_AGGRESSIVE;
				GCC_WARN_UNUSED_FUNCTION = YES;
				GCC_WARN_UNUSED_VARIABLE = YES;
				IPHONEOS_DEPLOYMENT_TARGET = 13.4;
				MTL_ENABLE_DEBUG_INFO = NO;
				MTL_FAST_MATH = YES;
				SDKROOT = iphoneos;
				SWIFT_COMPILATION_MODE = wholemodule;
				SWIFT_OPTIMIZATION_LEVEL = "-O";
				VALIDATE_PRODUCT = YES;
			};
			name = Release;
		};
		FD22080E246C414A00BBE634 /* Debug */ = {
			isa = XCBuildConfiguration;
			buildSettings = {
				ASSETCATALOG_COMPILER_APPICON_NAME = AppIcon;
				CODE_SIGN_STYLE = Automatic;
				DEVELOPMENT_ASSET_PATHS = "\"PagingCarousel/Preview Content\"";
				ENABLE_PREVIEWS = YES;
				INFOPLIST_FILE = PagingCarousel/Info.plist;
				LD_RUNPATH_SEARCH_PATHS = (
					"$(inherited)",
					"@executable_path/Frameworks",
				);
				PRODUCT_BUNDLE_IDENTIFIER = alamin.PagingCarousel;
				PRODUCT_NAME = "$(TARGET_NAME)";
				SWIFT_VERSION = 5.0;
				TARGETED_DEVICE_FAMILY = "1,2";
			};
			name = Debug;
		};
		FD22080F246C414A00BBE634 /* Release */ = {
			isa = XCBuildConfiguration;
			buildSettings = {
				ASSETCATALOG_COMPILER_APPICON_NAME = AppIcon;
				CODE_SIGN_STYLE = Automatic;
				DEVELOPMENT_ASSET_PATHS = "\"PagingCarousel/Preview Content\"";
				ENABLE_PREVIEWS = YES;
				INFOPLIST_FILE = PagingCarousel/Info.plist;
				LD_RUNPATH_SEARCH_PATHS = (
					"$(inherited)",
					"@executable_path/Frameworks",
				);
				PRODUCT_BUNDLE_IDENTIFIER = alamin.PagingCarousel;
				PRODUCT_NAME = "$(TARGET_NAME)";
				SWIFT_VERSION = 5.0;
				TARGETED_DEVICE_FAMILY = "1,2";
			};
			name = Release;
		};
/* End XCBuildConfiguration section */

/* Begin XCConfigurationList section */
		FD2207F4246C414400BBE634 /* Build configuration list for PBXProject "PagingCarousel" */ = {
			isa = XCConfigurationList;
			buildConfigurations = (
				FD22080B246C414A00BBE634 /* Debug */,
				FD22080C246C414A00BBE634 /* Release */,
			);
			defaultConfigurationIsVisible = 0;
			defaultConfigurationName = Release;
		};
		FD22080D246C414A00BBE634 /* Build configuration list for PBXNativeTarget "PagingCarousel" */ = {
			isa = XCConfigurationList;
			buildConfigurations = (
				FD22080E246C414A00BBE634 /* Debug */,
				FD22080F246C414A00BBE634 /* Release */,
			);
			defaultConfigurationIsVisible = 0;
			defaultConfigurationName = Release;
		};
/* End XCConfigurationList section */
	};
	rootObject = FD2207F1246C414400BBE634 /* Project object */;
}
